
Microsoft Visual Studio Solution File, Format Version 12.00
# Visual Studio Version 17
VisualStudioVersion = 17.14.36202.13
MinimumVisualStudioVersion = 10.0.40219.1
Project("{FAE04EC0-301F-11D3-BF4B-00C04F79EFBC}") = "HopelessFilmiesMVC", "HopelessFilmiesMVC\HopelessFilmiesMVC.csproj", "{163BDC56-31A7-43FE-BD9C-083B23DCB6BA}"
EndProject
Project("{2150E333-8FDC-42A3-9474-1A3956D46DE8}") = "Solution Items", "Solution Items", "{8EC462FD-D22E-90A8-E5CE-7E832BA40C5D}"
	ProjectSection(SolutionItems) = preProject
		.gitignore = .gitignore
	EndProjectSection
EndProject
Project("{FAE04EC0-301F-11D3-BF4B-00C04F79EFBC}") = "HopelessFilmies.DataAccess", "HopelessFilmies.DataAccess\HopelessFilmies.DataAccess.csproj", "{11239E4E-98FC-417B-AAA8-E0BF2556A878}"
EndProject
Project("{FAE04EC0-301F-11D3-BF4B-00C04F79EFBC}") = "HopelessFilmies.Domain", "HopelessFilmies.Domain\HopelessFilmies.Domain.csproj", "{D107B878-EF79-4D66-AB71-5FF4FCACD479}"
EndProject
Project("{FAE04EC0-301F-11D3-BF4B-00C04F79EFBC}") = "HopelessFilmies.Service", "HopelessFilmies.Service\HopelessFilmies.Service.csproj", "{457479FC-76E0-452F-9419-E71FC1624D46}"
EndProject
Global
	GlobalSection(SolutionConfigurationPlatforms) = preSolution
		Debug|Any CPU = Debug|Any CPU
		Release|Any CPU = Release|Any CPU
	EndGlobalSection
	GlobalSection(ProjectConfigurationPlatforms) = postSolution
		{163BDC56-31A7-43FE-BD9C-083B23DCB6BA}.Debug|Any CPU.ActiveCfg = Debug|Any CPU
		{163BDC56-31A7-43FE-BD9C-083B23DCB6BA}.Debug|Any CPU.Build.0 = Debug|Any CPU
		{163BDC56-31A7-43FE-BD9C-083B23DCB6BA}.Release|Any CPU.ActiveCfg = Release|Any CPU
		{163BDC56-31A7-43FE-BD9C-083B23DCB6BA}.Release|Any CPU.Build.0 = Release|Any CPU
		{11239E4E-98FC-417B-AAA8-E0BF2556A878}.Debug|Any CPU.ActiveCfg = Debug|Any CPU
		{11239E4E-98FC-417B-AAA8-E0BF2556A878}.Debug|Any CPU.Build.0 = Debug|Any CPU
		{11239E4E-98FC-417B-AAA8-E0BF2556A878}.Release|Any CPU.ActiveCfg = Release|Any CPU
		{11239E4E-98FC-417B-AAA8-E0BF2556A878}.Release|Any CPU.Build.0 = Release|Any CPU
		{D107B878-EF79-4D66-AB71-5FF4FCACD479}.Debug|Any CPU.ActiveCfg = Debug|Any CPU
		{D107B878-EF79-4D66-AB71-5FF4FCACD479}.Debug|Any CPU.Build.0 = Debug|Any CPU
		{D107B878-EF79-4D66-AB71-5FF4FCACD479}.Release|Any CPU.ActiveCfg = Release|Any CPU
		{D107B878-EF79-4D66-AB71-5FF4FCACD479}.Release|Any CPU.Build.0 = Release|Any CPU
		{457479FC-76E0-452F-9419-E71FC1624D46}.Debug|Any CPU.ActiveCfg = Debug|Any CPU
		{457479FC-76E0-452F-9419-E71FC1624D46}.Debug|Any CPU.Build.0 = Debug|Any CPU
		{457479FC-76E0-452F-9419-E71FC1624D46}.Release|Any CPU.ActiveCfg = Release|Any CPU
		{457479FC-76E0-452F-9419-E71FC1624D46}.Release|Any CPU.Build.0 = Release|Any CPU
	EndGlobalSection
	GlobalSection(SolutionProperties) = preSolution
		HideSolutionNode = FALSE
	EndGlobalSection
	GlobalSection(ExtensibilityGlobals) = postSolution
		SolutionGuid = {D13D844C-5D40-43BB-9382-E0B7202DF424}
	EndGlobalSection
EndGlobal
